// !$*UTF8*$!
{
	archiveVersion = 1;
	classes = {
	};
	objectVersion = 56;
	objects = {

/* Begin PBXBuildFile section */
		DB1C06562CB30AB100C7617F /* UIViewExt.swift in Sources */ = {isa = PBXBuildFile; fileRef = DB1C06552CB30AB100C7617F /* UIViewExt.swift */; };
		DB1C06582CB30C2E00C7617F /* TodoTableViewCell.swift in Sources */ = {isa = PBXBuildFile; fileRef = DB1C06572CB30C2E00C7617F /* TodoTableViewCell.swift */; };
		DB1C065A2CB3108200C7617F /* ToDo.swift in Sources */ = {isa = PBXBuildFile; fileRef = DB1C06592CB3108200C7617F /* ToDo.swift */; };
		DB85EA102CB3E63800CFABCF /* TodosViewModel.swift in Sources */ = {isa = PBXBuildFile; fileRef = DB85EA0F2CB3E63800CFABCF /* TodosViewModel.swift */; };
		DB85EA142CB3F46900CFABCF /* TodoDetailViewController.swift in Sources */ = {isa = PBXBuildFile; fileRef = DB85EA132CB3F46900CFABCF /* TodoDetailViewController.swift */; };
		DB85EA162CB3F4BC00CFABCF /* TodoDetailViewModel.swift in Sources */ = {isa = PBXBuildFile; fileRef = DB85EA152CB3F4BC00CFABCF /* TodoDetailViewModel.swift */; };
		DB85EA192CB3F87000CFABCF /* TodoDeleteButton.swift in Sources */ = {isa = PBXBuildFile; fileRef = DB85EA182CB3F87000CFABCF /* TodoDeleteButton.swift */; };
		DB85EA1B2CB40E7000CFABCF /* APIService.swift in Sources */ = {isa = PBXBuildFile; fileRef = DB85EA1A2CB40E7000CFABCF /* APIService.swift */; };
		DB85EA1E2CB410A300CFABCF /* KeychainService.swift in Sources */ = {isa = PBXBuildFile; fileRef = DB85EA1D2CB410A300CFABCF /* KeychainService.swift */; };
		DB85EA212CB4112600CFABCF /* Auth.swift in Sources */ = {isa = PBXBuildFile; fileRef = DB85EA202CB4112600CFABCF /* Auth.swift */; };
		DB85EA242CB4219400CFABCF /* UIUtil.swift in Sources */ = {isa = PBXBuildFile; fileRef = DB85EA232CB4219400CFABCF /* UIUtil.swift */; };
		DBB9CB352CAD94F60033734C /* TodosViewController.swift in Sources */ = {isa = PBXBuildFile; fileRef = DBB9CB342CAD94F60033734C /* TodosViewController.swift */; };
		DBBCAAC02CAD6B7500424C4F /* AppDelegate.swift in Sources */ = {isa = PBXBuildFile; fileRef = DBBCAABF2CAD6B7500424C4F /* AppDelegate.swift */; };
		DBBCAAC22CAD6B7500424C4F /* SceneDelegate.swift in Sources */ = {isa = PBXBuildFile; fileRef = DBBCAAC12CAD6B7500424C4F /* SceneDelegate.swift */; };
		DBBCAAC42CAD6B7500424C4F /* LoginViewController.swift in Sources */ = {isa = PBXBuildFile; fileRef = DBBCAAC32CAD6B7500424C4F /* LoginViewController.swift */; };
		DBBCAAC92CAD6B7600424C4F /* Assets.xcassets in Resources */ = {isa = PBXBuildFile; fileRef = DBBCAAC82CAD6B7600424C4F /* Assets.xcassets */; };
		DBF2E15F2CB55317005B24FA /* TodoViewModelTests.swift in Sources */ = {isa = PBXBuildFile; fileRef = DBF2E15E2CB55317005B24FA /* TodoViewModelTests.swift */; };
		DBF2E1672CB55694005B24FA /* basicsUITests.swift in Sources */ = {isa = PBXBuildFile; fileRef = DBF2E1662CB55694005B24FA /* basicsUITests.swift */; };
		DBF2E1692CB55694005B24FA /* basicsUITestsLaunchTests.swift in Sources */ = {isa = PBXBuildFile; fileRef = DBF2E1682CB55694005B24FA /* basicsUITestsLaunchTests.swift */; };
/* End PBXBuildFile section */

/* Begin PBXContainerItemProxy section */
		DB8E5A2C2CB530590034440D /* PBXContainerItemProxy */ = {
			isa = PBXContainerItemProxy;
			containerPortal = DBBCAAB42CAD6B7500424C4F /* Project object */;
			proxyType = 1;
			remoteGlobalIDString = DBBCAABB2CAD6B7500424C4F;
			remoteInfo = basics;
		};
		DBF2E16A2CB55694005B24FA /* PBXContainerItemProxy */ = {
			isa = PBXContainerItemProxy;
			containerPortal = DBBCAAB42CAD6B7500424C4F /* Project object */;
			proxyType = 1;
			remoteGlobalIDString = DBBCAABB2CAD6B7500424C4F;
			remoteInfo = basics;
		};
/* End PBXContainerItemProxy section */

/* Begin PBXFileReference section */
		DB1C06552CB30AB100C7617F /* UIViewExt.swift */ = {isa = PBXFileReference; lastKnownFileType = sourcecode.swift; path = UIViewExt.swift; sourceTree = "<group>"; };
		DB1C06572CB30C2E00C7617F /* TodoTableViewCell.swift */ = {isa = PBXFileReference; lastKnownFileType = sourcecode.swift; path = TodoTableViewCell.swift; sourceTree = "<group>"; };
		DB1C06592CB3108200C7617F /* ToDo.swift */ = {isa = PBXFileReference; lastKnownFileType = sourcecode.swift; path = ToDo.swift; sourceTree = "<group>"; };
		DB85EA0F2CB3E63800CFABCF /* TodosViewModel.swift */ = {isa = PBXFileReference; lastKnownFileType = sourcecode.swift; path = TodosViewModel.swift; sourceTree = "<group>"; };
		DB85EA132CB3F46900CFABCF /* TodoDetailViewController.swift */ = {isa = PBXFileReference; lastKnownFileType = sourcecode.swift; path = TodoDetailViewController.swift; sourceTree = "<group>"; };
		DB85EA152CB3F4BC00CFABCF /* TodoDetailViewModel.swift */ = {isa = PBXFileReference; lastKnownFileType = sourcecode.swift; path = TodoDetailViewModel.swift; sourceTree = "<group>"; };
		DB85EA182CB3F87000CFABCF /* TodoDeleteButton.swift */ = {isa = PBXFileReference; lastKnownFileType = sourcecode.swift; path = TodoDeleteButton.swift; sourceTree = "<group>"; };
		DB85EA1A2CB40E7000CFABCF /* APIService.swift */ = {isa = PBXFileReference; lastKnownFileType = sourcecode.swift; path = APIService.swift; sourceTree = "<group>"; };
		DB85EA1D2CB410A300CFABCF /* KeychainService.swift */ = {isa = PBXFileReference; lastKnownFileType = sourcecode.swift; path = KeychainService.swift; sourceTree = "<group>"; };
		DB85EA202CB4112600CFABCF /* Auth.swift */ = {isa = PBXFileReference; lastKnownFileType = sourcecode.swift; path = Auth.swift; sourceTree = "<group>"; };
		DB85EA232CB4219400CFABCF /* UIUtil.swift */ = {isa = PBXFileReference; lastKnownFileType = sourcecode.swift; path = UIUtil.swift; sourceTree = "<group>"; };
		DB8E5A282CB530590034440D /* basicsTests.xctest */ = {isa = PBXFileReference; explicitFileType = wrapper.cfbundle; includeInIndex = 0; path = basicsTests.xctest; sourceTree = BUILT_PRODUCTS_DIR; };
		DBB9CB342CAD94F60033734C /* TodosViewController.swift */ = {isa = PBXFileReference; lastKnownFileType = sourcecode.swift; path = TodosViewController.swift; sourceTree = "<group>"; };
		DBBCAABC2CAD6B7500424C4F /* basics.app */ = {isa = PBXFileReference; explicitFileType = wrapper.application; includeInIndex = 0; path = basics.app; sourceTree = BUILT_PRODUCTS_DIR; };
		DBBCAABF2CAD6B7500424C4F /* AppDelegate.swift */ = {isa = PBXFileReference; lastKnownFileType = sourcecode.swift; path = AppDelegate.swift; sourceTree = "<group>"; };
		DBBCAAC12CAD6B7500424C4F /* SceneDelegate.swift */ = {isa = PBXFileReference; lastKnownFileType = sourcecode.swift; path = SceneDelegate.swift; sourceTree = "<group>"; };
		DBBCAAC32CAD6B7500424C4F /* LoginViewController.swift */ = {isa = PBXFileReference; lastKnownFileType = sourcecode.swift; path = LoginViewController.swift; sourceTree = "<group>"; };
		DBBCAAC82CAD6B7600424C4F /* Assets.xcassets */ = {isa = PBXFileReference; lastKnownFileType = folder.assetcatalog; path = Assets.xcassets; sourceTree = "<group>"; };
		DBBCAACD2CAD6B7600424C4F /* Info.plist */ = {isa = PBXFileReference; lastKnownFileType = text.plist.xml; path = Info.plist; sourceTree = "<group>"; };
		DBF2E15E2CB55317005B24FA /* TodoViewModelTests.swift */ = {isa = PBXFileReference; lastKnownFileType = sourcecode.swift; path = TodoViewModelTests.swift; sourceTree = "<group>"; };
		DBF2E1642CB55694005B24FA /* basicsUITests.xctest */ = {isa = PBXFileReference; explicitFileType = wrapper.cfbundle; includeInIndex = 0; path = basicsUITests.xctest; sourceTree = BUILT_PRODUCTS_DIR; };
		DBF2E1662CB55694005B24FA /* basicsUITests.swift */ = {isa = PBXFileReference; lastKnownFileType = sourcecode.swift; path = basicsUITests.swift; sourceTree = "<group>"; };
		DBF2E1682CB55694005B24FA /* basicsUITestsLaunchTests.swift */ = {isa = PBXFileReference; lastKnownFileType = sourcecode.swift; path = basicsUITestsLaunchTests.swift; sourceTree = "<group>"; };
/* End PBXFileReference section */

/* Begin PBXFrameworksBuildPhase section */
		DB8E5A252CB530590034440D /* Frameworks */ = {
			isa = PBXFrameworksBuildPhase;
			buildActionMask = 2147483647;
			files = (
			);
			runOnlyForDeploymentPostprocessing = 0;
		};
		DBBCAAB92CAD6B7500424C4F /* Frameworks */ = {
			isa = PBXFrameworksBuildPhase;
			buildActionMask = 2147483647;
			files = (
			);
			runOnlyForDeploymentPostprocessing = 0;
		};
		DBF2E1612CB55694005B24FA /* Frameworks */ = {
			isa = PBXFrameworksBuildPhase;
			buildActionMask = 2147483647;
			files = (
			);
			runOnlyForDeploymentPostprocessing = 0;
		};
/* End PBXFrameworksBuildPhase section */

/* Begin PBXGroup section */
		DB85EA0B2CB3E5E200CFABCF /* ViewController */ = {
			isa = PBXGroup;
			children = (
				DBBCAAC32CAD6B7500424C4F /* LoginViewController.swift */,
				DBB9CB342CAD94F60033734C /* TodosViewController.swift */,
				DB85EA132CB3F46900CFABCF /* TodoDetailViewController.swift */,
			);
			path = ViewController;
			sourceTree = "<group>";
		};
		DB85EA0C2CB3E5F600CFABCF /* ViewModel */ = {
			isa = PBXGroup;
			children = (
				DB85EA0F2CB3E63800CFABCF /* TodosViewModel.swift */,
				DB85EA152CB3F4BC00CFABCF /* TodoDetailViewModel.swift */,
			);
			path = ViewModel;
			sourceTree = "<group>";
		};
		DB85EA0D2CB3E60400CFABCF /* Models */ = {
			isa = PBXGroup;
			children = (
				DB1C06592CB3108200C7617F /* ToDo.swift */,
				DB85EA202CB4112600CFABCF /* Auth.swift */,
			);
			path = Models;
			sourceTree = "<group>";
		};
		DB85EA0E2CB3E61900CFABCF /* Extensions */ = {
			isa = PBXGroup;
			children = (
				DB1C06552CB30AB100C7617F /* UIViewExt.swift */,
			);
			path = Extensions;
			sourceTree = "<group>";
		};
		DB85EA172CB3F75300CFABCF /* SwiftUIViews */ = {
			isa = PBXGroup;
			children = (
				DB85EA182CB3F87000CFABCF /* TodoDeleteButton.swift */,
			);
			path = SwiftUIViews;
			sourceTree = "<group>";
		};
		DB85EA1C2CB4108D00CFABCF /* Services */ = {
			isa = PBXGroup;
			children = (
				DB85EA1D2CB410A300CFABCF /* KeychainService.swift */,
				DB85EA1A2CB40E7000CFABCF /* APIService.swift */,
			);
			path = Services;
			sourceTree = "<group>";
		};
		DB85EA222CB41C0B00CFABCF /* Utils */ = {
			isa = PBXGroup;
			children = (
				DB85EA232CB4219400CFABCF /* UIUtil.swift */,
			);
			path = Utils;
			sourceTree = "<group>";
		};
		DB8E5A292CB530590034440D /* basicsUnitTests */ = {
			isa = PBXGroup;
			children = (
				DBF2E15E2CB55317005B24FA /* TodoViewModelTests.swift */,
			);
			path = basicsUnitTests;
			sourceTree = "<group>";
		};
		DBBCAAB32CAD6B7500424C4F = {
			isa = PBXGroup;
			children = (
				DBBCAABE2CAD6B7500424C4F /* basics */,
				DB8E5A292CB530590034440D /* basicsUnitTests */,
				DBF2E1652CB55694005B24FA /* basicsUITests */,
				DBBCAABD2CAD6B7500424C4F /* Products */,
			);
			sourceTree = "<group>";
		};
		DBBCAABD2CAD6B7500424C4F /* Products */ = {
			isa = PBXGroup;
			children = (
				DBBCAABC2CAD6B7500424C4F /* basics.app */,
				DB8E5A282CB530590034440D /* basicsTests.xctest */,
				DBF2E1642CB55694005B24FA /* basicsUITests.xctest */,
			);
			name = Products;
			sourceTree = "<group>";
		};
		DBBCAABE2CAD6B7500424C4F /* basics */ = {
			isa = PBXGroup;
			children = (
				DB85EA222CB41C0B00CFABCF /* Utils */,
				DB85EA1C2CB4108D00CFABCF /* Services */,
				DB85EA172CB3F75300CFABCF /* SwiftUIViews */,
				DB85EA0E2CB3E61900CFABCF /* Extensions */,
				DB85EA0D2CB3E60400CFABCF /* Models */,
				DB85EA0C2CB3E5F600CFABCF /* ViewModel */,
				DB85EA0B2CB3E5E200CFABCF /* ViewController */,
				DB1C06572CB30C2E00C7617F /* TodoTableViewCell.swift */,
				DBBCAABF2CAD6B7500424C4F /* AppDelegate.swift */,
				DBBCAAC12CAD6B7500424C4F /* SceneDelegate.swift */,
				DBBCAAC82CAD6B7600424C4F /* Assets.xcassets */,
				DBBCAACD2CAD6B7600424C4F /* Info.plist */,
			);
			path = basics;
			sourceTree = "<group>";
		};
		DBF2E1652CB55694005B24FA /* basicsUITests */ = {
			isa = PBXGroup;
			children = (
				DBF2E1662CB55694005B24FA /* basicsUITests.swift */,
				DBF2E1682CB55694005B24FA /* basicsUITestsLaunchTests.swift */,
			);
			path = basicsUITests;
			sourceTree = "<group>";
		};
/* End PBXGroup section */

/* Begin PBXNativeTarget section */
		DB8E5A272CB530590034440D /* basicsTests */ = {
			isa = PBXNativeTarget;
			buildConfigurationList = DB8E5A302CB530590034440D /* Build configuration list for PBXNativeTarget "basicsTests" */;
			buildPhases = (
				DB8E5A242CB530590034440D /* Sources */,
				DB8E5A252CB530590034440D /* Frameworks */,
				DB8E5A262CB530590034440D /* Resources */,
			);
			buildRules = (
			);
			dependencies = (
				DB8E5A2D2CB530590034440D /* PBXTargetDependency */,
			);
			name = basicsTests;
			productName = basicsTests;
			productReference = DB8E5A282CB530590034440D /* basicsTests.xctest */;
			productType = "com.apple.product-type.bundle.unit-test";
		};
		DBBCAABB2CAD6B7500424C4F /* basics */ = {
			isa = PBXNativeTarget;
			buildConfigurationList = DBBCAAD02CAD6B7600424C4F /* Build configuration list for PBXNativeTarget "basics" */;
			buildPhases = (
				DBBCAAB82CAD6B7500424C4F /* Sources */,
				DBBCAAB92CAD6B7500424C4F /* Frameworks */,
				DBBCAABA2CAD6B7500424C4F /* Resources */,
			);
			buildRules = (
			);
			dependencies = (
			);
			name = basics;
			productName = basics;
			productReference = DBBCAABC2CAD6B7500424C4F /* basics.app */;
			productType = "com.apple.product-type.application";
		};
		DBF2E1632CB55694005B24FA /* basicsUITests */ = {
			isa = PBXNativeTarget;
			buildConfigurationList = DBF2E16C2CB55694005B24FA /* Build configuration list for PBXNativeTarget "basicsUITests" */;
			buildPhases = (
				DBF2E1602CB55694005B24FA /* Sources */,
				DBF2E1612CB55694005B24FA /* Frameworks */,
				DBF2E1622CB55694005B24FA /* Resources */,
			);
			buildRules = (
			);
			dependencies = (
				DBF2E16B2CB55694005B24FA /* PBXTargetDependency */,
			);
			name = basicsUITests;
			productName = basicsUITests;
			productReference = DBF2E1642CB55694005B24FA /* basicsUITests.xctest */;
			productType = "com.apple.product-type.bundle.ui-testing";
		};
/* End PBXNativeTarget section */

/* Begin PBXProject section */
		DBBCAAB42CAD6B7500424C4F /* Project object */ = {
			isa = PBXProject;
			attributes = {
				BuildIndependentTargetsInParallel = 1;
				LastSwiftUpdateCheck = 1540;
				LastUpgradeCheck = 1540;
				TargetAttributes = {
					DB8E5A272CB530590034440D = {
						CreatedOnToolsVersion = 15.4;
						TestTargetID = DBBCAABB2CAD6B7500424C4F;
					};
					DBBCAABB2CAD6B7500424C4F = {
						CreatedOnToolsVersion = 15.4;
					};
					DBF2E1632CB55694005B24FA = {
						CreatedOnToolsVersion = 15.4;
						TestTargetID = DBBCAABB2CAD6B7500424C4F;
					};
				};
			};
			buildConfigurationList = DBBCAAB72CAD6B7500424C4F /* Build configuration list for PBXProject "basics" */;
			compatibilityVersion = "Xcode 14.0";
			developmentRegion = en;
			hasScannedForEncodings = 0;
			knownRegions = (
				en,
				Base,
			);
			mainGroup = DBBCAAB32CAD6B7500424C4F;
			productRefGroup = DBBCAABD2CAD6B7500424C4F /* Products */;
			projectDirPath = "";
			projectRoot = "";
			targets = (
				DBBCAABB2CAD6B7500424C4F /* basics */,
				DB8E5A272CB530590034440D /* basicsTests */,
				DBF2E1632CB55694005B24FA /* basicsUITests */,
			);
		};
/* End PBXProject section */

/* Begin PBXResourcesBuildPhase section */
		DB8E5A262CB530590034440D /* Resources */ = {
			isa = PBXResourcesBuildPhase;
			buildActionMask = 2147483647;
			files = (
			);
			runOnlyForDeploymentPostprocessing = 0;
		};
		DBBCAABA2CAD6B7500424C4F /* Resources */ = {
			isa = PBXResourcesBuildPhase;
			buildActionMask = 2147483647;
			files = (
				DBBCAAC92CAD6B7600424C4F /* Assets.xcassets in Resources */,
			);
			runOnlyForDeploymentPostprocessing = 0;
		};
		DBF2E1622CB55694005B24FA /* Resources */ = {
			isa = PBXResourcesBuildPhase;
			buildActionMask = 2147483647;
			files = (
			);
			runOnlyForDeploymentPostprocessing = 0;
		};
/* End PBXResourcesBuildPhase section */

/* Begin PBXSourcesBuildPhase section */
		DB8E5A242CB530590034440D /* Sources */ = {
			isa = PBXSourcesBuildPhase;
			buildActionMask = 2147483647;
			files = (
				DBF2E15F2CB55317005B24FA /* TodoViewModelTests.swift in Sources */,
			);
			runOnlyForDeploymentPostprocessing = 0;
		};
		DBBCAAB82CAD6B7500424C4F /* Sources */ = {
			isa = PBXSourcesBuildPhase;
			buildActionMask = 2147483647;
			files = (
				DB1C06582CB30C2E00C7617F /* TodoTableViewCell.swift in Sources */,
				DB85EA1E2CB410A300CFABCF /* KeychainService.swift in Sources */,
				DB1C065A2CB3108200C7617F /* ToDo.swift in Sources */,
				DB85EA242CB4219400CFABCF /* UIUtil.swift in Sources */,
				DBB9CB352CAD94F60033734C /* TodosViewController.swift in Sources */,
				DBBCAAC42CAD6B7500424C4F /* LoginViewController.swift in Sources */,
				DB85EA102CB3E63800CFABCF /* TodosViewModel.swift in Sources */,
				DB1C06562CB30AB100C7617F /* UIViewExt.swift in Sources */,
				DBBCAAC02CAD6B7500424C4F /* AppDelegate.swift in Sources */,
				DBBCAAC22CAD6B7500424C4F /* SceneDelegate.swift in Sources */,
				DB85EA192CB3F87000CFABCF /* TodoDeleteButton.swift in Sources */,
				DB85EA142CB3F46900CFABCF /* TodoDetailViewController.swift in Sources */,
				DB85EA212CB4112600CFABCF /* Auth.swift in Sources */,
				DB85EA1B2CB40E7000CFABCF /* APIService.swift in Sources */,
				DB85EA162CB3F4BC00CFABCF /* TodoDetailViewModel.swift in Sources */,
			);
			runOnlyForDeploymentPostprocessing = 0;
		};
		DBF2E1602CB55694005B24FA /* Sources */ = {
			isa = PBXSourcesBuildPhase;
			buildActionMask = 2147483647;
			files = (
				DBF2E1672CB55694005B24FA /* basicsUITests.swift in Sources */,
				DBF2E1692CB55694005B24FA /* basicsUITestsLaunchTests.swift in Sources */,
			);
			runOnlyForDeploymentPostprocessing = 0;
		};
/* End PBXSourcesBuildPhase section */

/* Begin PBXTargetDependency section */
		DB8E5A2D2CB530590034440D /* PBXTargetDependency */ = {
			isa = PBXTargetDependency;
			target = DBBCAABB2CAD6B7500424C4F /* basics */;
			targetProxy = DB8E5A2C2CB530590034440D /* PBXContainerItemProxy */;
		};
		DBF2E16B2CB55694005B24FA /* PBXTargetDependency */ = {
			isa = PBXTargetDependency;
			target = DBBCAABB2CAD6B7500424C4F /* basics */;
			targetProxy = DBF2E16A2CB55694005B24FA /* PBXContainerItemProxy */;
		};
/* End PBXTargetDependency section */

/* Begin XCBuildConfiguration section */
		DB8E5A2E2CB530590034440D /* Debug */ = {
			isa = XCBuildConfiguration;
			buildSettings = {
				BUNDLE_LOADER = "$(TEST_HOST)";
				CODE_SIGN_STYLE = Automatic;
				CURRENT_PROJECT_VERSION = 1;
				GENERATE_INFOPLIST_FILE = YES;
				MARKETING_VERSION = 1.0;
				PRODUCT_BUNDLE_IDENTIFIER = me.linus.basicsTests;
				PRODUCT_NAME = "$(TARGET_NAME)";
				SWIFT_EMIT_LOC_STRINGS = NO;
				SWIFT_VERSION = 5.0;
				TARGETED_DEVICE_FAMILY = "1,2";
				TEST_HOST = "$(BUILT_PRODUCTS_DIR)/basics.app/$(BUNDLE_EXECUTABLE_FOLDER_PATH)/basics";
			};
			name = Debug;
		};
		DB8E5A2F2CB530590034440D /* Release */ = {
			isa = XCBuildConfiguration;
			buildSettings = {
				BUNDLE_LOADER = "$(TEST_HOST)";
				CODE_SIGN_STYLE = Automatic;
				CURRENT_PROJECT_VERSION = 1;
				GENERATE_INFOPLIST_FILE = YES;
				MARKETING_VERSION = 1.0;
				PRODUCT_BUNDLE_IDENTIFIER = me.linus.basicsTests;
				PRODUCT_NAME = "$(TARGET_NAME)";
				SWIFT_EMIT_LOC_STRINGS = NO;
				SWIFT_VERSION = 5.0;
				TARGETED_DEVICE_FAMILY = "1,2";
				TEST_HOST = "$(BUILT_PRODUCTS_DIR)/basics.app/$(BUNDLE_EXECUTABLE_FOLDER_PATH)/basics";
			};
			name = Release;
		};
		DBBCAACE2CAD6B7600424C4F /* Debug */ = {
			isa = XCBuildConfiguration;
			buildSettings = {
				ALWAYS_SEARCH_USER_PATHS = NO;
				ASSETCATALOG_COMPILER_GENERATE_SWIFT_ASSET_SYMBOL_EXTENSIONS = YES;
				CLANG_ANALYZER_NONNULL = YES;
				CLANG_ANALYZER_NUMBER_OBJECT_CONVERSION = YES_AGGRESSIVE;
				CLANG_CXX_LANGUAGE_STANDARD = "gnu++20";
				CLANG_ENABLE_MODULES = YES;
				CLANG_ENABLE_OBJC_ARC = YES;
				CLANG_ENABLE_OBJC_WEAK = YES;
				CLANG_WARN_BLOCK_CAPTURE_AUTORELEASING = YES;
				CLANG_WARN_BOOL_CONVERSION = YES;
				CLANG_WARN_COMMA = YES;
				CLANG_WARN_CONSTANT_CONVERSION = YES;
				CLANG_WARN_DEPRECATED_OBJC_IMPLEMENTATIONS = YES;
				CLANG_WARN_DIRECT_OBJC_ISA_USAGE = YES_ERROR;
				CLANG_WARN_DOCUMENTATION_COMMENTS = YES;
				CLANG_WARN_EMPTY_BODY = YES;
				CLANG_WARN_ENUM_CONVERSION = YES;
				CLANG_WARN_INFINITE_RECURSION = YES;
				CLANG_WARN_INT_CONVERSION = YES;
				CLANG_WARN_NON_LITERAL_NULL_CONVERSION = YES;
				CLANG_WARN_OBJC_IMPLICIT_RETAIN_SELF = YES;
				CLANG_WARN_OBJC_LITERAL_CONVERSION = YES;
				CLANG_WARN_OBJC_ROOT_CLASS = YES_ERROR;
				CLANG_WARN_QUOTED_INCLUDE_IN_FRAMEWORK_HEADER = YES;
				CLANG_WARN_RANGE_LOOP_ANALYSIS = YES;
				CLANG_WARN_STRICT_PROTOTYPES = YES;
				CLANG_WARN_SUSPICIOUS_MOVE = YES;
				CLANG_WARN_UNGUARDED_AVAILABILITY = YES_AGGRESSIVE;
				CLANG_WARN_UNREACHABLE_CODE = YES;
				CLANG_WARN__DUPLICATE_METHOD_MATCH = YES;
				COPY_PHASE_STRIP = NO;
				DEBUG_INFORMATION_FORMAT = dwarf;
				ENABLE_STRICT_OBJC_MSGSEND = YES;
				ENABLE_TESTABILITY = YES;
				ENABLE_USER_SCRIPT_SANDBOXING = YES;
				GCC_C_LANGUAGE_STANDARD = gnu17;
				GCC_DYNAMIC_NO_PIC = NO;
				GCC_NO_COMMON_BLOCKS = YES;
				GCC_OPTIMIZATION_LEVEL = 0;
				GCC_PREPROCESSOR_DEFINITIONS = (
					"DEBUG=1",
					"$(inherited)",
				);
				GCC_WARN_64_TO_32_BIT_CONVERSION = YES;
				GCC_WARN_ABOUT_RETURN_TYPE = YES_ERROR;
				GCC_WARN_UNDECLARED_SELECTOR = YES;
				GCC_WARN_UNINITIALIZED_AUTOS = YES_AGGRESSIVE;
				GCC_WARN_UNUSED_FUNCTION = YES;
				GCC_WARN_UNUSED_VARIABLE = YES;
				IPHONEOS_DEPLOYMENT_TARGET = 17.5;
				LOCALIZATION_PREFERS_STRING_CATALOGS = YES;
				MTL_ENABLE_DEBUG_INFO = INCLUDE_SOURCE;
				MTL_FAST_MATH = YES;
				ONLY_ACTIVE_ARCH = YES;
				SDKROOT = iphoneos;
				SWIFT_ACTIVE_COMPILATION_CONDITIONS = "DEBUG $(inherited)";
				SWIFT_OPTIMIZATION_LEVEL = "-Onone";
			};
			name = Debug;
		};
		DBBCAACF2CAD6B7600424C4F /* Release */ = {
			isa = XCBuildConfiguration;
			buildSettings = {
				ALWAYS_SEARCH_USER_PATHS = NO;
				ASSETCATALOG_COMPILER_GENERATE_SWIFT_ASSET_SYMBOL_EXTENSIONS = YES;
				CLANG_ANALYZER_NONNULL = YES;
				CLANG_ANALYZER_NUMBER_OBJECT_CONVERSION = YES_AGGRESSIVE;
				CLANG_CXX_LANGUAGE_STANDARD = "gnu++20";
				CLANG_ENABLE_MODULES = YES;
				CLANG_ENABLE_OBJC_ARC = YES;
				CLANG_ENABLE_OBJC_WEAK = YES;
				CLANG_WARN_BLOCK_CAPTURE_AUTORELEASING = YES;
				CLANG_WARN_BOOL_CONVERSION = YES;
				CLANG_WARN_COMMA = YES;
				CLANG_WARN_CONSTANT_CONVERSION = YES;
				CLANG_WARN_DEPRECATED_OBJC_IMPLEMENTATIONS = YES;
				CLANG_WARN_DIRECT_OBJC_ISA_USAGE = YES_ERROR;
				CLANG_WARN_DOCUMENTATION_COMMENTS = YES;
				CLANG_WARN_EMPTY_BODY = YES;
				CLANG_WARN_ENUM_CONVERSION = YES;
				CLANG_WARN_INFINITE_RECURSION = YES;
				CLANG_WARN_INT_CONVERSION = YES;
				CLANG_WARN_NON_LITERAL_NULL_CONVERSION = YES;
				CLANG_WARN_OBJC_IMPLICIT_RETAIN_SELF = YES;
				CLANG_WARN_OBJC_LITERAL_CONVERSION = YES;
				CLANG_WARN_OBJC_ROOT_CLASS = YES_ERROR;
				CLANG_WARN_QUOTED_INCLUDE_IN_FRAMEWORK_HEADER = YES;
				CLANG_WARN_RANGE_LOOP_ANALYSIS = YES;
				CLANG_WARN_STRICT_PROTOTYPES = YES;
				CLANG_WARN_SUSPICIOUS_MOVE = YES;
				CLANG_WARN_UNGUARDED_AVAILABILITY = YES_AGGRESSIVE;
				CLANG_WARN_UNREACHABLE_CODE = YES;
				CLANG_WARN__DUPLICATE_METHOD_MATCH = YES;
				COPY_PHASE_STRIP = NO;
				DEBUG_INFORMATION_FORMAT = "dwarf-with-dsym";
				ENABLE_NS_ASSERTIONS = NO;
				ENABLE_STRICT_OBJC_MSGSEND = YES;
				ENABLE_USER_SCRIPT_SANDBOXING = YES;
				GCC_C_LANGUAGE_STANDARD = gnu17;
				GCC_NO_COMMON_BLOCKS = YES;
				GCC_WARN_64_TO_32_BIT_CONVERSION = YES;
				GCC_WARN_ABOUT_RETURN_TYPE = YES_ERROR;
				GCC_WARN_UNDECLARED_SELECTOR = YES;
				GCC_WARN_UNINITIALIZED_AUTOS = YES_AGGRESSIVE;
				GCC_WARN_UNUSED_FUNCTION = YES;
				GCC_WARN_UNUSED_VARIABLE = YES;
				IPHONEOS_DEPLOYMENT_TARGET = 17.5;
				LOCALIZATION_PREFERS_STRING_CATALOGS = YES;
				MTL_ENABLE_DEBUG_INFO = NO;
				MTL_FAST_MATH = YES;
				SDKROOT = iphoneos;
				SWIFT_COMPILATION_MODE = wholemodule;
				VALIDATE_PRODUCT = YES;
			};
			name = Release;
		};
		DBBCAAD12CAD6B7600424C4F /* Debug */ = {
			isa = XCBuildConfiguration;
			buildSettings = {
				ASSETCATALOG_COMPILER_APPICON_NAME = AppIcon;
				ASSETCATALOG_COMPILER_GLOBAL_ACCENT_COLOR_NAME = AccentColor;
				CODE_SIGN_STYLE = Automatic;
				CURRENT_PROJECT_VERSION = 1;
				GENERATE_INFOPLIST_FILE = YES;
				INFOPLIST_FILE = basics/Info.plist;
				INFOPLIST_KEY_UIApplicationSupportsIndirectInputEvents = YES;
				INFOPLIST_KEY_UILaunchStoryboardName = LaunchScreen;
				INFOPLIST_KEY_UISupportedInterfaceOrientations_iPad = "UIInterfaceOrientationPortrait UIInterfaceOrientationPortraitUpsideDown UIInterfaceOrientationLandscapeLeft UIInterfaceOrientationLandscapeRight";
				INFOPLIST_KEY_UISupportedInterfaceOrientations_iPhone = "UIInterfaceOrientationPortrait UIInterfaceOrientationLandscapeLeft UIInterfaceOrientationLandscapeRight";
				LD_RUNPATH_SEARCH_PATHS = (
					"$(inherited)",
					"@executable_path/Frameworks",
				);
				MARKETING_VERSION = 1.0;
				PRODUCT_BUNDLE_IDENTIFIER = me.linus.basics;
				PRODUCT_NAME = "$(TARGET_NAME)";
				SWIFT_EMIT_LOC_STRINGS = YES;
				SWIFT_VERSION = 5.0;
				TARGETED_DEVICE_FAMILY = "1,2";
			};
			name = Debug;
		};
		DBBCAAD22CAD6B7600424C4F /* Release */ = {
			isa = XCBuildConfiguration;
			buildSettings = {
				ASSETCATALOG_COMPILER_APPICON_NAME = AppIcon;
				ASSETCATALOG_COMPILER_GLOBAL_ACCENT_COLOR_NAME = AccentColor;
				CODE_SIGN_STYLE = Automatic;
				CURRENT_PROJECT_VERSION = 1;
				GENERATE_INFOPLIST_FILE = YES;
				INFOPLIST_FILE = basics/Info.plist;
				INFOPLIST_KEY_UIApplicationSupportsIndirectInputEvents = YES;
				INFOPLIST_KEY_UILaunchStoryboardName = LaunchScreen;
				INFOPLIST_KEY_UISupportedInterfaceOrientations_iPad = "UIInterfaceOrientationPortrait UIInterfaceOrientationPortraitUpsideDown UIInterfaceOrientationLandscapeLeft UIInterfaceOrientationLandscapeRight";
				INFOPLIST_KEY_UISupportedInterfaceOrientations_iPhone = "UIInterfaceOrientationPortrait UIInterfaceOrientationLandscapeLeft UIInterfaceOrientationLandscapeRight";
				LD_RUNPATH_SEARCH_PATHS = (
					"$(inherited)",
					"@executable_path/Frameworks",
				);
				MARKETING_VERSION = 1.0;
				PRODUCT_BUNDLE_IDENTIFIER = me.linus.basics;
				PRODUCT_NAME = "$(TARGET_NAME)";
				SWIFT_EMIT_LOC_STRINGS = YES;
				SWIFT_VERSION = 5.0;
				TARGETED_DEVICE_FAMILY = "1,2";
			};
			name = Release;
		};
		DBF2E16D2CB55694005B24FA /* Debug */ = {
			isa = XCBuildConfiguration;
			buildSettings = {
				CODE_SIGN_STYLE = Automatic;
				CURRENT_PROJECT_VERSION = 1;
				GENERATE_INFOPLIST_FILE = YES;
				MARKETING_VERSION = 1.0;
				PRODUCT_BUNDLE_IDENTIFIER = me.linus.basicsUITests;
				PRODUCT_NAME = "$(TARGET_NAME)";
				SWIFT_EMIT_LOC_STRINGS = NO;
				SWIFT_VERSION = 5.0;
				TARGETED_DEVICE_FAMILY = "1,2";
				TEST_TARGET_NAME = basics;
			};
			name = Debug;
		};
		DBF2E16E2CB55694005B24FA /* Release */ = {
			isa = XCBuildConfiguration;
			buildSettings = {
				CODE_SIGN_STYLE = Automatic;
				CURRENT_PROJECT_VERSION = 1;
				GENERATE_INFOPLIST_FILE = YES;
				MARKETING_VERSION = 1.0;
				PRODUCT_BUNDLE_IDENTIFIER = me.linus.basicsUITests;
				PRODUCT_NAME = "$(TARGET_NAME)";
				SWIFT_EMIT_LOC_STRINGS = NO;
				SWIFT_VERSION = 5.0;
				TARGETED_DEVICE_FAMILY = "1,2";
				TEST_TARGET_NAME = basics;
			};
			name = Release;
		};
/* End XCBuildConfiguration section */

/* Begin XCConfigurationList section */
		DB8E5A302CB530590034440D /* Build configuration list for PBXNativeTarget "basicsTests" */ = {
			isa = XCConfigurationList;
			buildConfigurations = (
				DB8E5A2E2CB530590034440D /* Debug */,
				DB8E5A2F2CB530590034440D /* Release */,
			);
			defaultConfigurationIsVisible = 0;
			defaultConfigurationName = Release;
		};
		DBBCAAB72CAD6B7500424C4F /* Build configuration list for PBXProject "basics" */ = {
			isa = XCConfigurationList;
			buildConfigurations = (
				DBBCAACE2CAD6B7600424C4F /* Debug */,
				DBBCAACF2CAD6B7600424C4F /* Release */,
			);
			defaultConfigurationIsVisible = 0;
			defaultConfigurationName = Release;
		};
		DBBCAAD02CAD6B7600424C4F /* Build configuration list for PBXNativeTarget "basics" */ = {
			isa = XCConfigurationList;
			buildConfigurations = (
				DBBCAAD12CAD6B7600424C4F /* Debug */,
				DBBCAAD22CAD6B7600424C4F /* Release */,
			);
			defaultConfigurationIsVisible = 0;
			defaultConfigurationName = Release;
		};
		DBF2E16C2CB55694005B24FA /* Build configuration list for PBXNativeTarget "basicsUITests" */ = {
			isa = XCConfigurationList;
			buildConfigurations = (
				DBF2E16D2CB55694005B24FA /* Debug */,
				DBF2E16E2CB55694005B24FA /* Release */,
			);
			defaultConfigurationIsVisible = 0;
			defaultConfigurationName = Release;
		};
/* End XCConfigurationList section */
	};
	rootObject = DBBCAAB42CAD6B7500424C4F /* Project object */;
}
